// !$*UTF8*$!
{
	archiveVersion = 1;
	classes = {
	};
	objectVersion = 46;
	objects = {

/* Begin PBXBuildFile section */
		69404FED1C8B6DFF0060C708 /* main.m in Sources */ = {isa = PBXBuildFile; fileRef = 69404FEC1C8B6DFF0060C708 /* main.m */; };
		69404FF01C8B6DFF0060C708 /* AppDelegate.m in Sources */ = {isa = PBXBuildFile; fileRef = 69404FEF1C8B6DFF0060C708 /* AppDelegate.m */; };
		69404FF31C8B6DFF0060C708 /* ViewController.m in Sources */ = {isa = PBXBuildFile; fileRef = 69404FF21C8B6DFF0060C708 /* ViewController.m */; };
		69404FF61C8B6DFF0060C708 /* Main.storyboard in Resources */ = {isa = PBXBuildFile; fileRef = 69404FF41C8B6DFF0060C708 /* Main.storyboard */; };
		69404FF81C8B6DFF0060C708 /* Assets.xcassets in Resources */ = {isa = PBXBuildFile; fileRef = 69404FF71C8B6DFF0060C708 /* Assets.xcassets */; };
		69404FFB1C8B6DFF0060C708 /* LaunchScreen.storyboard in Resources */ = {isa = PBXBuildFile; fileRef = 69404FF91C8B6DFF0060C708 /* LaunchScreen.storyboard */; };
/* End PBXBuildFile section */

/* Begin PBXFileReference section */
		69404FE81C8B6DFF0060C708 /* TwitterAccountPage.app */ = {isa = PBXFileReference; explicitFileType = wrapper.application; includeInIndex = 0; path = TwitterAccountPage.app; sourceTree = BUILT_PRODUCTS_DIR; };
		69404FEC1C8B6DFF0060C708 /* main.m */ = {isa = PBXFileReference; lastKnownFileType = sourcecode.c.objc; path = main.m; sourceTree = "<group>"; };
		69404FEE1C8B6DFF0060C708 /* AppDelegate.h */ = {isa = PBXFileReference; lastKnownFileType = sourcecode.c.h; path = AppDelegate.h; sourceTree = "<group>"; };
		69404FEF1C8B6DFF0060C708 /* AppDelegate.m */ = {isa = PBXFileReference; lastKnownFileType = sourcecode.c.objc; path = AppDelegate.m; sourceTree = "<group>"; };
		69404FF11C8B6DFF0060C708 /* ViewController.h */ = {isa = PBXFileReference; lastKnownFileType = sourcecode.c.h; path = ViewController.h; sourceTree = "<group>"; };
		69404FF21C8B6DFF0060C708 /* ViewController.m */ = {isa = PBXFileReference; lastKnownFileType = sourcecode.c.objc; path = ViewController.m; sourceTree = "<group>"; };
		69404FF51C8B6DFF0060C708 /* Base */ = {isa = PBXFileReference; lastKnownFileType = file.storyboard; name = Base; path = Base.lproj/Main.storyboard; sourceTree = "<group>"; };
		69404FF71C8B6DFF0060C708 /* Assets.xcassets */ = {isa = PBXFileReference; lastKnownFileType = folder.assetcatalog; path = Assets.xcassets; sourceTree = "<group>"; };
		69404FFA1C8B6DFF0060C708 /* Base */ = {isa = PBXFileReference; lastKnownFileType = file.storyboard; name = Base; path = Base.lproj/LaunchScreen.storyboard; sourceTree = "<group>"; };
		69404FFC1C8B6E000060C708 /* Info.plist */ = {isa = PBXFileReference; lastKnownFileType = text.plist.xml; path = Info.plist; sourceTree = "<group>"; };
/* End PBXFileReference section */

/* Begin PBXFrameworksBuildPhase section */
		69404FE51C8B6DFF0060C708 /* Frameworks */ = {
			isa = PBXFrameworksBuildPhase;
			buildActionMask = 2147483647;
			files = (
			);
			runOnlyForDeploymentPostprocessing = 0;
		};
/* End PBXFrameworksBuildPhase section */

/* Begin PBXGroup section */
		69404FDF1C8B6DFF0060C708 = {
			isa = PBXGroup;
			children = (
				69404FEA1C8B6DFF0060C708 /* TwitterAccountPage */,
				69404FE91C8B6DFF0060C708 /* Products */,
			);
			sourceTree = "<group>";
		};
		69404FE91C8B6DFF0060C708 /* Products */ = {
			isa = PBXGroup;
			children = (
				69404FE81C8B6DFF0060C708 /* TwitterAccountPage.app */,
			);
			name = Products;
			sourceTree = "<group>";
		};
		69404FEA1C8B6DFF0060C708 /* TwitterAccountPage */ = {
			isa = PBXGroup;
			children = (
				69404FEE1C8B6DFF0060C708 /* AppDelegate.h */,
				69404FEF1C8B6DFF0060C708 /* AppDelegate.m */,
				69404FF11C8B6DFF0060C708 /* ViewController.h */,
				69404FF21C8B6DFF0060C708 /* ViewController.m */,
				69404FF41C8B6DFF0060C708 /* Main.storyboard */,
				69404FF71C8B6DFF0060C708 /* Assets.xcassets */,
				69404FF91C8B6DFF0060C708 /* LaunchScreen.storyboard */,
				69404FFC1C8B6E000060C708 /* Info.plist */,
				69404FEB1C8B6DFF0060C708 /* Supporting Files */,
			);
			path = TwitterAccountPage;
			sourceTree = "<group>";
		};
		69404FEB1C8B6DFF0060C708 /* Supporting Files */ = {
			isa = PBXGroup;
			children = (
				69404FEC1C8B6DFF0060C708 /* main.m */,
			);
			name = "Supporting Files";
			sourceTree = "<group>";
		};
/* End PBXGroup section */

/* Begin PBXNativeTarget section */
		69404FE71C8B6DFF0060C708 /* TwitterAccountPage */ = {
			isa = PBXNativeTarget;
			buildConfigurationList = 69404FFF1C8B6E000060C708 /* Build configuration list for PBXNativeTarget "TwitterAccountPage" */;
			buildPhases = (
				69404FE41C8B6DFF0060C708 /* Sources */,
				69404FE51C8B6DFF0060C708 /* Frameworks */,
				69404FE61C8B6DFF0060C708 /* Resources */,
			);
			buildRules = (
			);
			dependencies = (
			);
			name = TwitterAccountPage;
			productName = TwitterAccountPage;
			productReference = 69404FE81C8B6DFF0060C708 /* TwitterAccountPage.app */;
			productType = "com.apple.product-type.application";
		};
/* End PBXNativeTarget section */

/* Begin PBXProject section */
		69404FE01C8B6DFF0060C708 /* Project object */ = {
			isa = PBXProject;
			attributes = {
				LastUpgradeCheck = 0720;
				ORGANIZATIONNAME = "Swapnil Ratnaparkhi";
				TargetAttributes = {
					69404FE71C8B6DFF0060C708 = {
						CreatedOnToolsVersion = 7.2.1;
					};
				};
			};
			buildConfigurationList = 69404FE31C8B6DFF0060C708 /* Build configuration list for PBXProject "TwitterAccountPage" */;
			compatibilityVersion = "Xcode 3.2";
			developmentRegion = English;
			hasScannedForEncodings = 0;
			knownRegions = (
				en,
				Base,
			);
			mainGroup = 69404FDF1C8B6DFF0060C708;
			productRefGroup = 69404FE91C8B6DFF0060C708 /* Products */;
			projectDirPath = "";
			projectRoot = "";
			targets = (
				69404FE71C8B6DFF0060C708 /* TwitterAccountPage */,
			);
		};
/* End PBXProject section */

/* Begin PBXResourcesBuildPhase section */
		69404FE61C8B6DFF0060C708 /* Resources */ = {
			isa = PBXResourcesBuildPhase;
			buildActionMask = 2147483647;
			files = (
				69404FFB1C8B6DFF0060C708 /* LaunchScreen.storyboard in Resources */,
				69404FF81C8B6DFF0060C708 /* Assets.xcassets in Resources */,
				69404FF61C8B6DFF0060C708 /* Main.storyboard in Resources */,
			);
			runOnlyForDeploymentPostprocessing = 0;
		};
/* End PBXResourcesBuildPhase section */

/* Begin PBXSourcesBuildPhase section */
		69404FE41C8B6DFF0060C708 /* Sources */ = {
			isa = PBXSourcesBuildPhase;
			buildActionMask = 2147483647;
			files = (
				69404FF31C8B6DFF0060C708 /* ViewController.m in Sources */,
				69404FF01C8B6DFF0060C708 /* AppDelegate.m in Sources */,
				69404FED1C8B6DFF0060C708 /* main.m in Sources */,
			);
			runOnlyForDeploymentPostprocessing = 0;
		};
/* End PBXSourcesBuildPhase section */

/* Begin PBXVariantGroup section */
		69404FF41C8B6DFF0060C708 /* Main.storyboard */ = {
			isa = PBXVariantGroup;
			children = (
				69404FF51C8B6DFF0060C708 /* Base */,
			);
			name = Main.storyboard;
			sourceTree = "<group>";
		};
		69404FF91C8B6DFF0060C708 /* LaunchScreen.storyboard */ = {
			isa = PBXVariantGroup;
			children = (
				69404FFA1C8B6DFF0060C708 /* Base */,
			);
			name = LaunchScreen.storyboard;
			sourceTree = "<group>";
		};
/* End PBXVariantGroup section */

/* Begin XCBuildConfiguration section */
		69404FFD1C8B6E000060C708 /* Debug */ = {
			isa = XCBuildConfiguration;
			buildSettings = {
				ALWAYS_SEARCH_USER_PATHS = NO;
				CLANG_CXX_LANGUAGE_STANDARD = "gnu++0x";
				CLANG_CXX_LIBRARY = "libc++";
				CLANG_ENABLE_MODULES = YES;
				CLANG_ENABLE_OBJC_ARC = YES;
				CLANG_WARN_BOOL_CONVERSION = YES;
				CLANG_WARN_CONSTANT_CONVERSION = YES;
				CLANG_WARN_DIRECT_OBJC_ISA_USAGE = YES_ERROR;
				CLANG_WARN_EMPTY_BODY = YES;
				CLANG_WARN_ENUM_CONVERSION = YES;
				CLANG_WARN_INT_CONVERSION = YES;
				CLANG_WARN_OBJC_ROOT_CLASS = YES_ERROR;
				CLANG_WARN_UNREACHABLE_CODE = YES;
				CLANG_WARN__DUPLICATE_METHOD_MATCH = YES;
				"CODE_SIGN_IDENTITY[sdk=iphoneos*]" = "iPhone Developer";
				COPY_PHASE_STRIP = NO;
				DEBUG_INFORMATION_FORMAT = dwarf;
				ENABLE_STRICT_OBJC_MSGSEND = YES;
				ENABLE_TESTABILITY = YES;
				GCC_C_LANGUAGE_STANDARD = gnu99;
				GCC_DYNAMIC_NO_PIC = NO;
				GCC_NO_COMMON_BLOCKS = YES;
				GCC_OPTIMIZATION_LEVEL = 0;
				GCC_PREPROCESSOR_DEFINITIONS = (
					"DEBUG=1",
					"$(inherited)",
				);
				GCC_WARN_64_TO_32_BIT_CONVERSION = YES;
				GCC_WARN_ABOUT_RETURN_TYPE = YES_ERROR;
				GCC_WARN_UNDECLARED_SELECTOR = YES;
				GCC_WARN_UNINITIALIZED_AUTOS = YES_AGGRESSIVE;
				GCC_WARN_UNUSED_FUNCTION = YES;
				GCC_WARN_UNUSED_VARIABLE = YES;
				IPHONEOS_DEPLOYMENT_TARGET = 9.2;
				MTL_ENABLE_DEBUG_INFO = YES;
				ONLY_ACTIVE_ARCH = YES;
				SDKROOT = iphoneos;
				TARGETED_DEVICE_FAMILY = "1,2";
			};
			name = Debug;
		};
		69404FFE1C8B6E000060C708 /* Release */ = {
			isa = XCBuildConfiguration;
			buildSettings = {
				ALWAYS_SEARCH_USER_PATHS = NO;
				CLANG_CXX_LANGUAGE_STANDARD = "gnu++0x";
				CLANG_CXX_LIBRARY = "libc++";
				CLANG_ENABLE_MODULES = YES;
				CLANG_ENABLE_OBJC_ARC = YES;
				CLANG_WARN_BOOL_CONVERSION = YES;
				CLANG_WARN_CONSTANT_CONVERSION = YES;
				CLANG_WARN_DIRECT_OBJC_ISA_USAGE = YES_ERROR;
				CLANG_WARN_EMPTY_BODY = YES;
				CLANG_WARN_ENUM_CONVERSION = YES;
				CLANG_WARN_INT_CONVERSION = YES;
				CLANG_WARN_OBJC_ROOT_CLASS = YES_ERROR;
				CLANG_WARN_UNREACHABLE_CODE = YES;
				CLANG_WARN__DUPLICATE_METHOD_MATCH = YES;
				"CODE_SIGN_IDENTITY[sdk=iphoneos*]" = "iPhone Developer";
				COPY_PHASE_STRIP = NO;
				DEBUG_INFORMATION_FORMAT = "dwarf-with-dsym";
				ENABLE_NS_ASSERTIONS = NO;
				ENABLE_STRICT_OBJC_MSGSEND = YES;
				GCC_C_LANGUAGE_STANDARD = gnu99;
				GCC_NO_COMMON_BLOCKS = YES;
				GCC_WARN_64_TO_32_BIT_CONVERSION = YES;
				GCC_WARN_ABOUT_RETURN_TYPE = YES_ERROR;
				GCC_WARN_UNDECLARED_SELECTOR = YES;
				GCC_WARN_UNINITIALIZED_AUTOS = YES_AGGRESSIVE;
				GCC_WARN_UNUSED_FUNCTION = YES;
				GCC_WARN_UNUSED_VARIABLE = YES;
				IPHONEOS_DEPLOYMENT_TARGET = 9.2;
				MTL_ENABLE_DEBUG_INFO = NO;
				SDKROOT = iphoneos;
				TARGETED_DEVICE_FAMILY = "1,2";
				VALIDATE_PRODUCT = YES;
			};
			name = Release;
		};
		694050001C8B6E000060C708 /* Debug */ = {
			isa = XCBuildConfiguration;
			buildSettings = {
				ASSETCATALOG_COMPILER_APPICON_NAME = AppIcon;
				INFOPLIST_FILE = TwitterAccountPage/Info.plist;
				LD_RUNPATH_SEARCH_PATHS = "$(inherited) @executable_path/Frameworks";
				PRODUCT_BUNDLE_IDENTIFIER = com.swapnil.TwitterAccountPage;
				PRODUCT_NAME = "$(TARGET_NAME)";
			};
			name = Debug;
		};
		694050011C8B6E000060C708 /* Release */ = {
			isa = XCBuildConfiguration;
			buildSettings = {
				ASSETCATALOG_COMPILER_APPICON_NAME = AppIcon;
				INFOPLIST_FILE = TwitterAccountPage/Info.plist;
				LD_RUNPATH_SEARCH_PATHS = "$(inherited) @executable_path/Frameworks";
				PRODUCT_BUNDLE_IDENTIFIER = com.swapnil.TwitterAccountPage;
				PRODUCT_NAME = "$(TARGET_NAME)";
			};
			name = Release;
		};
/* End XCBuildConfiguration section */

/* Begin XCConfigurationList section */
		69404FE31C8B6DFF0060C708 /* Build configuration list for PBXProject "TwitterAccountPage" */ = {
			isa = XCConfigurationList;
			buildConfigurations = (
				69404FFD1C8B6E000060C708 /* Debug */,
				69404FFE1C8B6E000060C708 /* Release */,
			);
			defaultConfigurationIsVisible = 0;
			defaultConfigurationName = Release;
		};
		69404FFF1C8B6E000060C708 /* Build configuration list for PBXNativeTarget "TwitterAccountPage" */ = {
			isa = XCConfigurationList;
			buildConfigurations = (
				694050001C8B6E000060C708 /* Debug */,
				694050011C8B6E000060C708 /* Release */,
			);
			defaultConfigurationIsVisible = 0;
		};
/* End XCConfigurationList section */
	};
	rootObject = 69404FE01C8B6DFF0060C708 /* Project object */;
}
